<Solution>
  <Project Path="AstraGraph.Binding/AstraGraph.Binding.csproj" />
  <Project Path="AstraGraph.Core/AstraGraph.Core.csproj" />
  <Project Path="AstraGraph.HotReload/AstraGraph.HotReload.csproj" />
  <Project Path="AstraGraph.Persistence/AstraGraph.Persistence.csproj" />
  <Project Path="AstraGraph.Runtime/AstraGraph.Runtime.csproj" />
  <Project Path="AstraGraph.State/AstraGraph.State.csproj" />
  <Project Path="AstraGraph.VM/AstraGraph.VM.csproj" />
  <Project Path="AstraGraph.JIT/AstraGraph.JIT.csproj" />
  <Project Path="AstraGraph.Editor.Protocol/AstraGraph.Editor.Protocol.csproj" />
  <Project Path="AstraGraph.Editor.Core/AstraGraph.Editor.Core.csproj" />
  <Project Path="AstraGraph.Editor.UI/AstraGraph.Editor.UI.csproj" />
  <Folder Name="/tests/">
    <Project Path="tests/AstraGraph.Tests/AstraGraph.Tests.csproj" />
    <Project Path="tests/AstraGraph.Benchmarks/AstraGraph.Benchmarks.csproj" />
  </Folder>
</Solution>
