<Solution>
  <Project Path="AstraGraph.Binding/AstraGraph.Binding.csproj" />
  <Project Path="AstraGraph.Core/AstraGraph.Core.csproj" />
  <Project Path="AstraGraph.HotReload/AstraGraph.HotReload.csproj" />
  <Project Path="AstraGraph.Persistence/AstraGraph.Persistence.csproj" />
  <Project Path="AstraGraph.Runtime/AstraGraph.Runtime.csproj" />
  <Project Path="AstraGraph.State/AstraGraph.State.csproj" />
  <Project Path="AstraGraph.VM/AstraGraph.VM.csproj" />
  <Project Path="AstraGraph.JIT/AstraGraph.JIT.csproj" />
  <Project Path="AstraGraph.Editor.Protocol/AstraGraph.Editor.Protocol.csproj" />
  <Project Path="AstraGraph.Editor.Core/AstraGraph.Editor.Core.csproj" />
  <Project Path="AstraGraph.Editor.UI/AstraGraph.Editor.UI.csproj" />
  <Project Path="AstraGraph.Editor.Bridge/AstraGraph.Editor.Bridge.csproj" />
  <Project Path="AstraGraph.Studio.DevHost/AstraGraph.Studio.DevHost.csproj" />
  <Project Path="AstraGraph.Editor.InGame/AstraGraph.Editor.InGame.csproj" />
<Project Path="AstraGraph.UI/AstraGraph.UI.csproj" />
  <Project Path="AstraGraph.Robust.Shared/AstraGraph.Robust.Shared.csproj" />
  <Project Path="AstraGraph.Robust.Server/AstraGraph.Robust.Server.csproj" />
  <Project Path="AstraGraph.Robust.Client/AstraGraph.Robust.Client.csproj" />
  <Project Path="samples/ContentIntegration/AstraGraph.ContentIntegration.csproj" />
  <Folder Name="/tests/">
    <Project Path="tests/AstraGraph.Tests/AstraGraph.Tests.csproj" />
    <Project Path="tests/AstraGraph.Benchmarks/AstraGraph.Benchmarks.csproj" />
  </Folder>
</Solution>
